
Microsoft Visual Studio Solution File, Format Version 10.00
# Visual Studio 2008
Project("{FAE04EC0-301F-11D3-BF4B-00C04F79EFBC}") = "ScreenGrabber", "ScreenGrabber\ScreenGrabber.csproj", "{39401FBD-0B2F-49C4-A527-8D8D596A4807}"
EndProject
Global
	GlobalSection(SolutionConfigurationPlatforms) = preSolution
		Debug|Any CPU = Debug|Any CPU
		Release|Any CPU = Release|Any CPU
	EndGlobalSection
	GlobalSection(ProjectConfigurationPlatforms) = postSolution
		{39401FBD-0B2F-49C4-A527-8D8D596A4807}.Debug|Any CPU.ActiveCfg = Debug|Any CPU
		{39401FBD-0B2F-49C4-A527-8D8D596A4807}.Debug|Any CPU.Build.0 = Debug|Any CPU
		{39401FBD-0B2F-49C4-A527-8D8D596A4807}.Release|Any CPU.ActiveCfg = Release|Any CPU
		{39401FBD-0B2F-49C4-A527-8D8D596A4807}.Release|Any CPU.Build.0 = Release|Any CPU
	EndGlobalSection
EndGlobal
