
Microsoft Visual Studio Solution File, Format Version 10.00
# Visual Studio 2008
Project("{FAE04EC0-301F-11D3-BF4B-00C04F79EFBC}") = "SmartyMee", "SmartyMee\SmartyMee.csproj", "{C9419432-5374-45F8-8D3B-8697212DD5F5}"
EndProject
Project("{FAE04EC0-301F-11D3-BF4B-00C04F79EFBC}") = "TextFetchTest", "TextFetchTest\TextFetchTest.csproj", "{498DB34B-12D3-479E-B7F6-104B421000C9}"
EndProject
Project("{8BC9CEB8-8B4A-11D0-8D11-00A0C91BC942}") = "GetWord", "GetWord-NT-2000\GetWord.vcproj", "{3E214AEE-0E68-42BA-B9AD-582D847578D8}"
EndProject
Project("{FAE04EC0-301F-11D3-BF4B-00C04F79EFBC}") = "NhwTest", "NhwTest\NhwTest.csproj", "{0C2DF101-6A2D-4E9F-982B-3A36709A8BAE}"
EndProject
Global
	GlobalSection(SolutionConfigurationPlatforms) = preSolution
		Debug|Any CPU = Debug|Any CPU
		Debug|Mixed Platforms = Debug|Mixed Platforms
		Debug|Win32 = Debug|Win32
		Release|Any CPU = Release|Any CPU
		Release|Mixed Platforms = Release|Mixed Platforms
		Release|Win32 = Release|Win32
	EndGlobalSection
	GlobalSection(ProjectConfigurationPlatforms) = postSolution
		{C9419432-5374-45F8-8D3B-8697212DD5F5}.Debug|Any CPU.ActiveCfg = Debug|Any CPU
		{C9419432-5374-45F8-8D3B-8697212DD5F5}.Debug|Any CPU.Build.0 = Debug|Any CPU
		{C9419432-5374-45F8-8D3B-8697212DD5F5}.Debug|Mixed Platforms.ActiveCfg = Debug|Any CPU
		{C9419432-5374-45F8-8D3B-8697212DD5F5}.Debug|Mixed Platforms.Build.0 = Debug|Any CPU
		{C9419432-5374-45F8-8D3B-8697212DD5F5}.Debug|Win32.ActiveCfg = Debug|Any CPU
		{C9419432-5374-45F8-8D3B-8697212DD5F5}.Release|Any CPU.ActiveCfg = Release|Any CPU
		{C9419432-5374-45F8-8D3B-8697212DD5F5}.Release|Any CPU.Build.0 = Release|Any CPU
		{C9419432-5374-45F8-8D3B-8697212DD5F5}.Release|Mixed Platforms.ActiveCfg = Release|Any CPU
		{C9419432-5374-45F8-8D3B-8697212DD5F5}.Release|Mixed Platforms.Build.0 = Release|Any CPU
		{C9419432-5374-45F8-8D3B-8697212DD5F5}.Release|Win32.ActiveCfg = Release|Any CPU
		{498DB34B-12D3-479E-B7F6-104B421000C9}.Debug|Any CPU.ActiveCfg = Debug|Any CPU
		{498DB34B-12D3-479E-B7F6-104B421000C9}.Debug|Any CPU.Build.0 = Debug|Any CPU
		{498DB34B-12D3-479E-B7F6-104B421000C9}.Debug|Mixed Platforms.ActiveCfg = Debug|Any CPU
		{498DB34B-12D3-479E-B7F6-104B421000C9}.Debug|Mixed Platforms.Build.0 = Debug|Any CPU
		{498DB34B-12D3-479E-B7F6-104B421000C9}.Debug|Win32.ActiveCfg = Debug|Any CPU
		{498DB34B-12D3-479E-B7F6-104B421000C9}.Release|Any CPU.ActiveCfg = Release|Any CPU
		{498DB34B-12D3-479E-B7F6-104B421000C9}.Release|Any CPU.Build.0 = Release|Any CPU
		{498DB34B-12D3-479E-B7F6-104B421000C9}.Release|Mixed Platforms.ActiveCfg = Release|Any CPU
		{498DB34B-12D3-479E-B7F6-104B421000C9}.Release|Mixed Platforms.Build.0 = Release|Any CPU
		{498DB34B-12D3-479E-B7F6-104B421000C9}.Release|Win32.ActiveCfg = Release|Any CPU
		{3E214AEE-0E68-42BA-B9AD-582D847578D8}.Debug|Any CPU.ActiveCfg = Debug|Win32
		{3E214AEE-0E68-42BA-B9AD-582D847578D8}.Debug|Mixed Platforms.ActiveCfg = Debug|Win32
		{3E214AEE-0E68-42BA-B9AD-582D847578D8}.Debug|Mixed Platforms.Build.0 = Debug|Win32
		{3E214AEE-0E68-42BA-B9AD-582D847578D8}.Debug|Win32.ActiveCfg = Debug|Win32
		{3E214AEE-0E68-42BA-B9AD-582D847578D8}.Debug|Win32.Build.0 = Debug|Win32
		{3E214AEE-0E68-42BA-B9AD-582D847578D8}.Release|Any CPU.ActiveCfg = Release|Win32
		{3E214AEE-0E68-42BA-B9AD-582D847578D8}.Release|Mixed Platforms.ActiveCfg = Release|Win32
		{3E214AEE-0E68-42BA-B9AD-582D847578D8}.Release|Mixed Platforms.Build.0 = Release|Win32
		{3E214AEE-0E68-42BA-B9AD-582D847578D8}.Release|Win32.ActiveCfg = Release|Win32
		{3E214AEE-0E68-42BA-B9AD-582D847578D8}.Release|Win32.Build.0 = Release|Win32
		{0C2DF101-6A2D-4E9F-982B-3A36709A8BAE}.Debug|Any CPU.ActiveCfg = Debug|Any CPU
		{0C2DF101-6A2D-4E9F-982B-3A36709A8BAE}.Debug|Any CPU.Build.0 = Debug|Any CPU
		{0C2DF101-6A2D-4E9F-982B-3A36709A8BAE}.Debug|Mixed Platforms.ActiveCfg = Debug|Any CPU
		{0C2DF101-6A2D-4E9F-982B-3A36709A8BAE}.Debug|Mixed Platforms.Build.0 = Debug|Any CPU
		{0C2DF101-6A2D-4E9F-982B-3A36709A8BAE}.Debug|Win32.ActiveCfg = Debug|Any CPU
		{0C2DF101-6A2D-4E9F-982B-3A36709A8BAE}.Release|Any CPU.ActiveCfg = Release|Any CPU
		{0C2DF101-6A2D-4E9F-982B-3A36709A8BAE}.Release|Any CPU.Build.0 = Release|Any CPU
		{0C2DF101-6A2D-4E9F-982B-3A36709A8BAE}.Release|Mixed Platforms.ActiveCfg = Release|Any CPU
		{0C2DF101-6A2D-4E9F-982B-3A36709A8BAE}.Release|Mixed Platforms.Build.0 = Release|Any CPU
		{0C2DF101-6A2D-4E9F-982B-3A36709A8BAE}.Release|Win32.ActiveCfg = Release|Any CPU
	EndGlobalSection
	GlobalSection(SolutionProperties) = preSolution
		HideSolutionNode = FALSE
	EndGlobalSection
EndGlobal
